
Microsoft Visual Studio Solution File, Format Version 12.00
# Visual Studio 15
VisualStudioVersion = 15.0.28307.902
MinimumVisualStudioVersion = 10.0.40219.1
Project("{FAE04EC0-301F-11D3-BF4B-00C04F79EFBC}") = "DRPairProgramming", "DRPairProgramming\DRPairProgramming.csproj", "{59805587-01FE-419B-A7F2-CDCB283EC59B}"
EndProject
Global
	GlobalSection(SolutionConfigurationPlatforms) = preSolution
		Debug|Any CPU = Debug|Any CPU
		Release|Any CPU = Release|Any CPU
	EndGlobalSection
	GlobalSection(ProjectConfigurationPlatforms) = postSolution
		{59805587-01FE-419B-A7F2-CDCB283EC59B}.Debug|Any CPU.ActiveCfg = Debug|Any CPU
		{59805587-01FE-419B-A7F2-CDCB283EC59B}.Debug|Any CPU.Build.0 = Debug|Any CPU
		{59805587-01FE-419B-A7F2-CDCB283EC59B}.Release|Any CPU.ActiveCfg = Release|Any CPU
		{59805587-01FE-419B-A7F2-CDCB283EC59B}.Release|Any CPU.Build.0 = Release|Any CPU
	EndGlobalSection
	GlobalSection(SolutionProperties) = preSolution
		HideSolutionNode = FALSE
	EndGlobalSection
	GlobalSection(ExtensibilityGlobals) = postSolution
		SolutionGuid = {40B9CCD6-EE75-40E0-8D9F-8987528D1261}
	EndGlobalSection
EndGlobal
